// !$*UTF8*$!
{
	archiveVersion = 1;
	classes = {
	};
	objectVersion = 46;
	objects = {

/* Begin PBXBuildFile section */
		3E2AF47F1E9F983800EE6C72 /* aboutMe.html in Resources */ = {isa = PBXBuildFile; fileRef = 3E2AF47E1E9F983800EE6C72 /* aboutMe.html */; };
		3E2AF4831E9F986E00EE6C72 /* AboutMeViewController.m in Sources */ = {isa = PBXBuildFile; fileRef = 3E2AF4821E9F986E00EE6C72 /* AboutMeViewController.m */; };
		3E2AF4891E9F9A7800EE6C72 /* center_8.png in Resources */ = {isa = PBXBuildFile; fileRef = 3E2AF4881E9F9A7800EE6C72 /* center_8.png */; };
		3E2AF4901E9FA46100EE6C72 /* share_wechat.png in Resources */ = {isa = PBXBuildFile; fileRef = 3E2AF48E1E9FA46100EE6C72 /* share_wechat.png */; };
		3E2AF4911E9FA46100EE6C72 /* share_wechatLine.png in Resources */ = {isa = PBXBuildFile; fileRef = 3E2AF48F1E9FA46100EE6C72 /* share_wechatLine.png */; };
		3E2AF4C31EA0D37700EE6C72 /* iwords_icon.png in Resources */ = {isa = PBXBuildFile; fileRef = 3E2AF4C21EA0D37700EE6C72 /* iwords_icon.png */; };
		3E6098471EB0405100739B8C /* add_word@2x.png in Resources */ = {isa = PBXBuildFile; fileRef = 3E6098461EB0405100739B8C /* add_word@2x.png */; };
		3E60984F1EB0422C00739B8C /* addWordViewController.m in Sources */ = {isa = PBXBuildFile; fileRef = 3E60984E1EB0422C00739B8C /* addWordViewController.m */; };
		3E6098511EB0446A00739B8C /* home_search@2x.png in Resources */ = {isa = PBXBuildFile; fileRef = 3E6098501EB0446A00739B8C /* home_search@2x.png */; };
		3E6098591EB0461E00739B8C /* DHPopupMenu.m in Sources */ = {isa = PBXBuildFile; fileRef = 3E6098541EB0461E00739B8C /* DHPopupMenu.m */; };
		3E60985A1EB0461E00739B8C /* DHPopupMenuCell.m in Sources */ = {isa = PBXBuildFile; fileRef = 3E6098561EB0461E00739B8C /* DHPopupMenuCell.m */; };
		3E60985B1EB0461E00739B8C /* UIView+Addition.m in Sources */ = {isa = PBXBuildFile; fileRef = 3E6098581EB0461E00739B8C /* UIView+Addition.m */; };
		3E60985D1EB04A4000739B8C /* Comic Sans MS.ttf in Resources */ = {isa = PBXBuildFile; fileRef = 3E60985C1EB049BA00739B8C /* Comic Sans MS.ttf */; };
		3E6098611EB04F2E00739B8C /* SearchViewController.m in Sources */ = {isa = PBXBuildFile; fileRef = 3E6098601EB04F2E00739B8C /* SearchViewController.m */; };
		3E772F0E1E9E22E900E52329 /* CenterCell.m in Sources */ = {isa = PBXBuildFile; fileRef = 3E772F0D1E9E22E900E52329 /* CenterCell.m */; };
		3E772F171E9E2D4800E52329 /* center_1.png in Resources */ = {isa = PBXBuildFile; fileRef = 3E772F101E9E2D4800E52329 /* center_1.png */; };
		3E772F191E9E2D4800E52329 /* center_3.png in Resources */ = {isa = PBXBuildFile; fileRef = 3E772F121E9E2D4800E52329 /* center_3.png */; };
		3E772F1A1E9E2D4800E52329 /* center_4.png in Resources */ = {isa = PBXBuildFile; fileRef = 3E772F131E9E2D4800E52329 /* center_4.png */; };
		3E772F1B1E9E2D4800E52329 /* center_5.png in Resources */ = {isa = PBXBuildFile; fileRef = 3E772F141E9E2D4800E52329 /* center_5.png */; };
		3E772F1C1E9E2D4800E52329 /* center_6.png in Resources */ = {isa = PBXBuildFile; fileRef = 3E772F151E9E2D4800E52329 /* center_6.png */; };
		3E772F1D1E9E2D4800E52329 /* center_7.png in Resources */ = {isa = PBXBuildFile; fileRef = 3E772F161E9E2D4800E52329 /* center_7.png */; };
		3E772F1F1E9E2E3800E52329 /* center_2.png in Resources */ = {isa = PBXBuildFile; fileRef = 3E772F1E1E9E2E3800E52329 /* center_2.png */; };
		3E772F231E9E2FD100E52329 /* InviteViewController.m in Sources */ = {isa = PBXBuildFile; fileRef = 3E772F221E9E2FD100E52329 /* InviteViewController.m */; };
		3E772F2A1E9E30EB00E52329 /* HelpCenterViewController.m in Sources */ = {isa = PBXBuildFile; fileRef = 3E772F291E9E30EB00E52329 /* HelpCenterViewController.m */; };
		3E772F2D1E9E30F500E52329 /* JoinGroupViewController.m in Sources */ = {isa = PBXBuildFile; fileRef = 3E772F2C1E9E30F500E52329 /* JoinGroupViewController.m */; };
		3E772F301E9E310200E52329 /* LanSwitchViewController.m in Sources */ = {isa = PBXBuildFile; fileRef = 3E772F2F1E9E310200E52329 /* LanSwitchViewController.m */; };
		3E772F331E9E311500E52329 /* UserAgreementViewController.m in Sources */ = {isa = PBXBuildFile; fileRef = 3E772F321E9E311500E52329 /* UserAgreementViewController.m */; };
		3E772F351E9E326C00E52329 /* whiteBack@2x.png in Resources */ = {isa = PBXBuildFile; fileRef = 3E772F341E9E326C00E52329 /* whiteBack@2x.png */; };
		3E772F371E9E327200E52329 /* service_terms_chs.html in Resources */ = {isa = PBXBuildFile; fileRef = 3E772F361E9E327200E52329 /* service_terms_chs.html */; };
		3E772F3E1E9E363800E52329 /* my@2x.png in Resources */ = {isa = PBXBuildFile; fileRef = 3E772F381E9E363800E52329 /* my@2x.png */; };
		3E772F3F1E9E363800E52329 /* mySele@2x.png in Resources */ = {isa = PBXBuildFile; fileRef = 3E772F391E9E363800E52329 /* mySele@2x.png */; };
		3E772F401E9E363800E52329 /* record@2x.png in Resources */ = {isa = PBXBuildFile; fileRef = 3E772F3A1E9E363800E52329 /* record@2x.png */; };
		3E772F411E9E363800E52329 /* recordSele@2x.png in Resources */ = {isa = PBXBuildFile; fileRef = 3E772F3B1E9E363800E52329 /* recordSele@2x.png */; };
		3E772F421E9E363800E52329 /* search@2x.png in Resources */ = {isa = PBXBuildFile; fileRef = 3E772F3C1E9E363800E52329 /* search@2x.png */; };
		3E772F431E9E363800E52329 /* searchSele@2x.png in Resources */ = {isa = PBXBuildFile; fileRef = 3E772F3D1E9E363800E52329 /* searchSele@2x.png */; };
		3EA0B4831EA1CF8A00EB28B4 /* tabBar_bg@2x.png in Resources */ = {isa = PBXBuildFile; fileRef = 3EA0B4811EA1CF8A00EB28B4 /* tabBar_bg@2x.png */; };
		3EA0B4841EA1CF8A00EB28B4 /* tabBar_bg@3x.png in Resources */ = {isa = PBXBuildFile; fileRef = 3EA0B4821EA1CF8A00EB28B4 /* tabBar_bg@3x.png */; };
		3ECCCB7A1E9DC69200347C6D /* main.m in Sources */ = {isa = PBXBuildFile; fileRef = 3ECCCB791E9DC69200347C6D /* main.m */; };
		3ECCCB7D1E9DC69200347C6D /* AppDelegate.m in Sources */ = {isa = PBXBuildFile; fileRef = 3ECCCB7C1E9DC69200347C6D /* AppDelegate.m */; };
		3ECCCB851E9DC69200347C6D /* Assets.xcassets in Resources */ = {isa = PBXBuildFile; fileRef = 3ECCCB841E9DC69200347C6D /* Assets.xcassets */; };
		3ECCCB881E9DC69200347C6D /* LaunchScreen.storyboard in Resources */ = {isa = PBXBuildFile; fileRef = 3ECCCB861E9DC69200347C6D /* LaunchScreen.storyboard */; };
		3ECCCB961E9DC7D800347C6D /* BaseViewController.m in Sources */ = {isa = PBXBuildFile; fileRef = 3ECCCB951E9DC7D800347C6D /* BaseViewController.m */; };
		3ECCCB991E9DC7EF00347C6D /* GuideViewController.m in Sources */ = {isa = PBXBuildFile; fileRef = 3ECCCB981E9DC7EF00347C6D /* GuideViewController.m */; };
		3ECCCB9C1E9DC80400347C6D /* MainTabBar.m in Sources */ = {isa = PBXBuildFile; fileRef = 3ECCCB9B1E9DC80400347C6D /* MainTabBar.m */; };
		3ECCCBA91E9DC86900347C6D /* Factory.m in Sources */ = {isa = PBXBuildFile; fileRef = 3ECCCB9F1E9DC86900347C6D /* Factory.m */; };
		3ECCCBAB1E9DC86900347C6D /* UIColor+FlatColors.m in Sources */ = {isa = PBXBuildFile; fileRef = 3ECCCBA41E9DC86900347C6D /* UIColor+FlatColors.m */; };
		3ECCCBAC1E9DC86900347C6D /* UILabel+LabelHeightAndWidth.m in Sources */ = {isa = PBXBuildFile; fileRef = 3ECCCBA61E9DC86900347C6D /* UILabel+LabelHeightAndWidth.m */; };
		3ECCCBAD1E9DC86900347C6D /* UIView+Addition.m in Sources */ = {isa = PBXBuildFile; fileRef = 3ECCCBA81E9DC86900347C6D /* UIView+Addition.m */; };
		3ECCCBB51E9DC9BE00347C6D /* FourViewController.m in Sources */ = {isa = PBXBuildFile; fileRef = 3ECCCBB41E9DC9BE00347C6D /* FourViewController.m */; };
		3ECCCBB81E9DC9C500347C6D /* OneViewController.m in Sources */ = {isa = PBXBuildFile; fileRef = 3ECCCBB71E9DC9C500347C6D /* OneViewController.m */; };
		3ECCCBBB1E9DC9CB00347C6D /* ThreeViewController.m in Sources */ = {isa = PBXBuildFile; fileRef = 3ECCCBBA1E9DC9CB00347C6D /* ThreeViewController.m */; };
		3ECCCBBE1E9DC9D100347C6D /* TwoViewController.m in Sources */ = {isa = PBXBuildFile; fileRef = 3ECCCBBD1E9DC9D100347C6D /* TwoViewController.m */; };
		3ECCCBC41E9DCA7D00347C6D /* CustomNavigationController.m in Sources */ = {isa = PBXBuildFile; fileRef = 3ECCCBC11E9DCA7D00347C6D /* CustomNavigationController.m */; };
		3ECCCBC51E9DCA7D00347C6D /* UIViewController+CustomNavigationExtension.m in Sources */ = {isa = PBXBuildFile; fileRef = 3ECCCBC31E9DCA7D00347C6D /* UIViewController+CustomNavigationExtension.m */; };
		3ECCCBC91E9DCBD800347C6D /* Tools.m in Sources */ = {isa = PBXBuildFile; fileRef = 3ECCCBC81E9DCBD800347C6D /* Tools.m */; };
		3ECCCBCD1E9DCDCE00347C6D /* SFHFKeychainUtils.m in Sources */ = {isa = PBXBuildFile; fileRef = 3ECCCBCC1E9DCDCE00347C6D /* SFHFKeychainUtils.m */; settings = {COMPILER_FLAGS = "-fno-objc-arc"; }; };
		3EE55BF31E9F0C8B00CD2599 /* InfoPlist.strings in Resources */ = {isa = PBXBuildFile; fileRef = 3EE55BF51E9F0C8B00CD2599 /* InfoPlist.strings */; };
		3EE55BFA1E9F17FF00CD2599 /* DHLanguageTool.m in Sources */ = {isa = PBXBuildFile; fileRef = 3EE55BF91E9F17FF00CD2599 /* DHLanguageTool.m */; };
		3EE55C041E9F1BA500CD2599 /* DHLocalizable.strings in Resources */ = {isa = PBXBuildFile; fileRef = 3EE55C061E9F1BA500CD2599 /* DHLocalizable.strings */; };
		3EE55C0A1E9F2E2600CD2599 /* centercheck.png in Resources */ = {isa = PBXBuildFile; fileRef = 3EE55C091E9F2E2600CD2599 /* centercheck.png */; };
		3EE55C0D1E9F2E3A00CD2599 /* LanSwitchCell.m in Sources */ = {isa = PBXBuildFile; fileRef = 3EE55C0C1E9F2E3A00CD2599 /* LanSwitchCell.m */; };
		7A35F36D9EC667F43ECA9217 /* libPods-iWords.a in Frameworks */ = {isa = PBXBuildFile; fileRef = A0F5792CAD40449466BFF04C /* libPods-iWords.a */; };
/* End PBXBuildFile section */

/* Begin PBXFileReference section */
		3E2AF47E1E9F983800EE6C72 /* aboutMe.html */ = {isa = PBXFileReference; fileEncoding = 4; lastKnownFileType = text.html; path = aboutMe.html; sourceTree = "<group>"; };
		3E2AF4811E9F986E00EE6C72 /* AboutMeViewController.h */ = {isa = PBXFileReference; fileEncoding = 4; lastKnownFileType = sourcecode.c.h; path = AboutMeViewController.h; sourceTree = "<group>"; };
		3E2AF4821E9F986E00EE6C72 /* AboutMeViewController.m */ = {isa = PBXFileReference; fileEncoding = 4; lastKnownFileType = sourcecode.c.objc; path = AboutMeViewController.m; sourceTree = "<group>"; };
		3E2AF4881E9F9A7800EE6C72 /* center_8.png */ = {isa = PBXFileReference; lastKnownFileType = image.png; path = center_8.png; sourceTree = "<group>"; };
		3E2AF48E1E9FA46100EE6C72 /* share_wechat.png */ = {isa = PBXFileReference; lastKnownFileType = image.png; path = share_wechat.png; sourceTree = "<group>"; };
		3E2AF48F1E9FA46100EE6C72 /* share_wechatLine.png */ = {isa = PBXFileReference; lastKnownFileType = image.png; path = share_wechatLine.png; sourceTree = "<group>"; };
		3E2AF4C21EA0D37700EE6C72 /* iwords_icon.png */ = {isa = PBXFileReference; lastKnownFileType = image.png; path = iwords_icon.png; sourceTree = "<group>"; };
		3E6098461EB0405100739B8C /* add_word@2x.png */ = {isa = PBXFileReference; lastKnownFileType = image.png; path = "add_word@2x.png"; sourceTree = "<group>"; };
		3E60984D1EB0422C00739B8C /* addWordViewController.h */ = {isa = PBXFileReference; fileEncoding = 4; lastKnownFileType = sourcecode.c.h; path = addWordViewController.h; sourceTree = "<group>"; };
		3E60984E1EB0422C00739B8C /* addWordViewController.m */ = {isa = PBXFileReference; fileEncoding = 4; lastKnownFileType = sourcecode.c.objc; path = addWordViewController.m; sourceTree = "<group>"; };
		3E6098501EB0446A00739B8C /* home_search@2x.png */ = {isa = PBXFileReference; lastKnownFileType = image.png; path = "home_search@2x.png"; sourceTree = "<group>"; };
		3E6098531EB0461E00739B8C /* DHPopupMenu.h */ = {isa = PBXFileReference; fileEncoding = 4; lastKnownFileType = sourcecode.c.h; path = DHPopupMenu.h; sourceTree = "<group>"; };
		3E6098541EB0461E00739B8C /* DHPopupMenu.m */ = {isa = PBXFileReference; fileEncoding = 4; lastKnownFileType = sourcecode.c.objc; path = DHPopupMenu.m; sourceTree = "<group>"; };
		3E6098551EB0461E00739B8C /* DHPopupMenuCell.h */ = {isa = PBXFileReference; fileEncoding = 4; lastKnownFileType = sourcecode.c.h; path = DHPopupMenuCell.h; sourceTree = "<group>"; };
		3E6098561EB0461E00739B8C /* DHPopupMenuCell.m */ = {isa = PBXFileReference; fileEncoding = 4; lastKnownFileType = sourcecode.c.objc; path = DHPopupMenuCell.m; sourceTree = "<group>"; };
		3E6098571EB0461E00739B8C /* UIView+Addition.h */ = {isa = PBXFileReference; fileEncoding = 4; lastKnownFileType = sourcecode.c.h; path = "UIView+Addition.h"; sourceTree = "<group>"; };
		3E6098581EB0461E00739B8C /* UIView+Addition.m */ = {isa = PBXFileReference; fileEncoding = 4; lastKnownFileType = sourcecode.c.objc; path = "UIView+Addition.m"; sourceTree = "<group>"; };
		3E60985C1EB049BA00739B8C /* Comic Sans MS.ttf */ = {isa = PBXFileReference; lastKnownFileType = file; path = "Comic Sans MS.ttf"; sourceTree = "<group>"; };
		3E60985F1EB04F2E00739B8C /* SearchViewController.h */ = {isa = PBXFileReference; fileEncoding = 4; lastKnownFileType = sourcecode.c.h; path = SearchViewController.h; sourceTree = "<group>"; };
		3E6098601EB04F2E00739B8C /* SearchViewController.m */ = {isa = PBXFileReference; fileEncoding = 4; lastKnownFileType = sourcecode.c.objc; path = SearchViewController.m; sourceTree = "<group>"; };
		3E772F0C1E9E22E900E52329 /* CenterCell.h */ = {isa = PBXFileReference; fileEncoding = 4; lastKnownFileType = sourcecode.c.h; path = CenterCell.h; sourceTree = "<group>"; };
		3E772F0D1E9E22E900E52329 /* CenterCell.m */ = {isa = PBXFileReference; fileEncoding = 4; lastKnownFileType = sourcecode.c.objc; path = CenterCell.m; sourceTree = "<group>"; };
		3E772F101E9E2D4800E52329 /* center_1.png */ = {isa = PBXFileReference; lastKnownFileType = image.png; path = center_1.png; sourceTree = "<group>"; };
		3E772F121E9E2D4800E52329 /* center_3.png */ = {isa = PBXFileReference; lastKnownFileType = image.png; path = center_3.png; sourceTree = "<group>"; };
		3E772F131E9E2D4800E52329 /* center_4.png */ = {isa = PBXFileReference; lastKnownFileType = image.png; path = center_4.png; sourceTree = "<group>"; };
		3E772F141E9E2D4800E52329 /* center_5.png */ = {isa = PBXFileReference; lastKnownFileType = image.png; path = center_5.png; sourceTree = "<group>"; };
		3E772F151E9E2D4800E52329 /* center_6.png */ = {isa = PBXFileReference; lastKnownFileType = image.png; path = center_6.png; sourceTree = "<group>"; };
		3E772F161E9E2D4800E52329 /* center_7.png */ = {isa = PBXFileReference; lastKnownFileType = image.png; path = center_7.png; sourceTree = "<group>"; };
		3E772F1E1E9E2E3800E52329 /* center_2.png */ = {isa = PBXFileReference; lastKnownFileType = image.png; path = center_2.png; sourceTree = "<group>"; };
		3E772F211E9E2FD100E52329 /* InviteViewController.h */ = {isa = PBXFileReference; fileEncoding = 4; lastKnownFileType = sourcecode.c.h; path = InviteViewController.h; sourceTree = "<group>"; };
		3E772F221E9E2FD100E52329 /* InviteViewController.m */ = {isa = PBXFileReference; fileEncoding = 4; lastKnownFileType = sourcecode.c.objc; path = InviteViewController.m; sourceTree = "<group>"; };
		3E772F281E9E30EB00E52329 /* HelpCenterViewController.h */ = {isa = PBXFileReference; fileEncoding = 4; lastKnownFileType = sourcecode.c.h; path = HelpCenterViewController.h; sourceTree = "<group>"; };
		3E772F291E9E30EB00E52329 /* HelpCenterViewController.m */ = {isa = PBXFileReference; fileEncoding = 4; lastKnownFileType = sourcecode.c.objc; path = HelpCenterViewController.m; sourceTree = "<group>"; };
		3E772F2B1E9E30F500E52329 /* JoinGroupViewController.h */ = {isa = PBXFileReference; fileEncoding = 4; lastKnownFileType = sourcecode.c.h; path = JoinGroupViewController.h; sourceTree = "<group>"; };
		3E772F2C1E9E30F500E52329 /* JoinGroupViewController.m */ = {isa = PBXFileReference; fileEncoding = 4; lastKnownFileType = sourcecode.c.objc; path = JoinGroupViewController.m; sourceTree = "<group>"; };
		3E772F2E1E9E310200E52329 /* LanSwitchViewController.h */ = {isa = PBXFileReference; fileEncoding = 4; lastKnownFileType = sourcecode.c.h; path = LanSwitchViewController.h; sourceTree = "<group>"; };
		3E772F2F1E9E310200E52329 /* LanSwitchViewController.m */ = {isa = PBXFileReference; fileEncoding = 4; lastKnownFileType = sourcecode.c.objc; path = LanSwitchViewController.m; sourceTree = "<group>"; };
		3E772F311E9E311500E52329 /* UserAgreementViewController.h */ = {isa = PBXFileReference; fileEncoding = 4; lastKnownFileType = sourcecode.c.h; path = UserAgreementViewController.h; sourceTree = "<group>"; };
		3E772F321E9E311500E52329 /* UserAgreementViewController.m */ = {isa = PBXFileReference; fileEncoding = 4; lastKnownFileType = sourcecode.c.objc; path = UserAgreementViewController.m; sourceTree = "<group>"; };
		3E772F341E9E326C00E52329 /* whiteBack@2x.png */ = {isa = PBXFileReference; lastKnownFileType = image.png; path = "whiteBack@2x.png"; sourceTree = "<group>"; };
		3E772F361E9E327200E52329 /* service_terms_chs.html */ = {isa = PBXFileReference; fileEncoding = 4; lastKnownFileType = text.html; path = service_terms_chs.html; sourceTree = "<group>"; };
		3E772F381E9E363800E52329 /* my@2x.png */ = {isa = PBXFileReference; lastKnownFileType = image.png; path = "my@2x.png"; sourceTree = "<group>"; };
		3E772F391E9E363800E52329 /* mySele@2x.png */ = {isa = PBXFileReference; lastKnownFileType = image.png; path = "mySele@2x.png"; sourceTree = "<group>"; };
		3E772F3A1E9E363800E52329 /* record@2x.png */ = {isa = PBXFileReference; lastKnownFileType = image.png; path = "record@2x.png"; sourceTree = "<group>"; };
		3E772F3B1E9E363800E52329 /* recordSele@2x.png */ = {isa = PBXFileReference; lastKnownFileType = image.png; path = "recordSele@2x.png"; sourceTree = "<group>"; };
		3E772F3C1E9E363800E52329 /* search@2x.png */ = {isa = PBXFileReference; lastKnownFileType = image.png; path = "search@2x.png"; sourceTree = "<group>"; };
		3E772F3D1E9E363800E52329 /* searchSele@2x.png */ = {isa = PBXFileReference; lastKnownFileType = image.png; path = "searchSele@2x.png"; sourceTree = "<group>"; };
		3EA0B4811EA1CF8A00EB28B4 /* tabBar_bg@2x.png */ = {isa = PBXFileReference; lastKnownFileType = image.png; path = "tabBar_bg@2x.png"; sourceTree = "<group>"; };
		3EA0B4821EA1CF8A00EB28B4 /* tabBar_bg@3x.png */ = {isa = PBXFileReference; lastKnownFileType = image.png; path = "tabBar_bg@3x.png"; sourceTree = "<group>"; };
		3ECCCB751E9DC69200347C6D /* iWords.app */ = {isa = PBXFileReference; explicitFileType = wrapper.application; includeInIndex = 0; path = iWords.app; sourceTree = BUILT_PRODUCTS_DIR; };
		3ECCCB791E9DC69200347C6D /* main.m */ = {isa = PBXFileReference; lastKnownFileType = sourcecode.c.objc; path = main.m; sourceTree = "<group>"; };
		3ECCCB7B1E9DC69200347C6D /* AppDelegate.h */ = {isa = PBXFileReference; lastKnownFileType = sourcecode.c.h; path = AppDelegate.h; sourceTree = "<group>"; };
		3ECCCB7C1E9DC69200347C6D /* AppDelegate.m */ = {isa = PBXFileReference; lastKnownFileType = sourcecode.c.objc; path = AppDelegate.m; sourceTree = "<group>"; };
		3ECCCB841E9DC69200347C6D /* Assets.xcassets */ = {isa = PBXFileReference; lastKnownFileType = folder.assetcatalog; path = Assets.xcassets; sourceTree = "<group>"; };
		3ECCCB871E9DC69200347C6D /* Base */ = {isa = PBXFileReference; lastKnownFileType = file.storyboard; name = Base; path = Base.lproj/LaunchScreen.storyboard; sourceTree = "<group>"; };
		3ECCCB891E9DC69200347C6D /* Info.plist */ = {isa = PBXFileReference; lastKnownFileType = text.plist.xml; path = Info.plist; sourceTree = "<group>"; };
		3ECCCB941E9DC7D800347C6D /* BaseViewController.h */ = {isa = PBXFileReference; fileEncoding = 4; lastKnownFileType = sourcecode.c.h; path = BaseViewController.h; sourceTree = "<group>"; };
		3ECCCB951E9DC7D800347C6D /* BaseViewController.m */ = {isa = PBXFileReference; fileEncoding = 4; lastKnownFileType = sourcecode.c.objc; path = BaseViewController.m; sourceTree = "<group>"; };
		3ECCCB971E9DC7EF00347C6D /* GuideViewController.h */ = {isa = PBXFileReference; fileEncoding = 4; lastKnownFileType = sourcecode.c.h; path = GuideViewController.h; sourceTree = "<group>"; };
		3ECCCB981E9DC7EF00347C6D /* GuideViewController.m */ = {isa = PBXFileReference; fileEncoding = 4; lastKnownFileType = sourcecode.c.objc; path = GuideViewController.m; sourceTree = "<group>"; };
		3ECCCB9A1E9DC80400347C6D /* MainTabBar.h */ = {isa = PBXFileReference; fileEncoding = 4; lastKnownFileType = sourcecode.c.h; path = MainTabBar.h; sourceTree = "<group>"; };
		3ECCCB9B1E9DC80400347C6D /* MainTabBar.m */ = {isa = PBXFileReference; fileEncoding = 4; lastKnownFileType = sourcecode.c.objc; path = MainTabBar.m; sourceTree = "<group>"; };
		3ECCCB9E1E9DC86900347C6D /* Factory.h */ = {isa = PBXFileReference; fileEncoding = 4; lastKnownFileType = sourcecode.c.h; path = Factory.h; sourceTree = "<group>"; };
		3ECCCB9F1E9DC86900347C6D /* Factory.m */ = {isa = PBXFileReference; fileEncoding = 4; lastKnownFileType = sourcecode.c.objc; path = Factory.m; sourceTree = "<group>"; };
		3ECCCBA21E9DC86900347C6D /* MyHelper.h */ = {isa = PBXFileReference; fileEncoding = 4; lastKnownFileType = sourcecode.c.h; path = MyHelper.h; sourceTree = "<group>"; };
		3ECCCBA31E9DC86900347C6D /* UIColor+FlatColors.h */ = {isa = PBXFileReference; fileEncoding = 4; lastKnownFileType = sourcecode.c.h; path = "UIColor+FlatColors.h"; sourceTree = "<group>"; };
		3ECCCBA41E9DC86900347C6D /* UIColor+FlatColors.m */ = {isa = PBXFileReference; fileEncoding = 4; lastKnownFileType = sourcecode.c.objc; path = "UIColor+FlatColors.m"; sourceTree = "<group>"; };
		3ECCCBA51E9DC86900347C6D /* UILabel+LabelHeightAndWidth.h */ = {isa = PBXFileReference; fileEncoding = 4; lastKnownFileType = sourcecode.c.h; path = "UILabel+LabelHeightAndWidth.h"; sourceTree = "<group>"; };
		3ECCCBA61E9DC86900347C6D /* UILabel+LabelHeightAndWidth.m */ = {isa = PBXFileReference; fileEncoding = 4; lastKnownFileType = sourcecode.c.objc; path = "UILabel+LabelHeightAndWidth.m"; sourceTree = "<group>"; };
		3ECCCBA71E9DC86900347C6D /* UIView+Addition.h */ = {isa = PBXFileReference; fileEncoding = 4; lastKnownFileType = sourcecode.c.h; path = "UIView+Addition.h"; sourceTree = "<group>"; };
		3ECCCBA81E9DC86900347C6D /* UIView+Addition.m */ = {isa = PBXFileReference; fileEncoding = 4; lastKnownFileType = sourcecode.c.objc; path = "UIView+Addition.m"; sourceTree = "<group>"; };
		3ECCCBAE1E9DC89300347C6D /* MyPrefixHeader.pch */ = {isa = PBXFileReference; fileEncoding = 4; lastKnownFileType = sourcecode.c.h; path = MyPrefixHeader.pch; sourceTree = "<group>"; };
		3ECCCBB31E9DC9BE00347C6D /* FourViewController.h */ = {isa = PBXFileReference; fileEncoding = 4; lastKnownFileType = sourcecode.c.h; path = FourViewController.h; sourceTree = "<group>"; };
		3ECCCBB41E9DC9BE00347C6D /* FourViewController.m */ = {isa = PBXFileReference; fileEncoding = 4; lastKnownFileType = sourcecode.c.objc; path = FourViewController.m; sourceTree = "<group>"; };
		3ECCCBB61E9DC9C500347C6D /* OneViewController.h */ = {isa = PBXFileReference; fileEncoding = 4; lastKnownFileType = sourcecode.c.h; path = OneViewController.h; sourceTree = "<group>"; };
		3ECCCBB71E9DC9C500347C6D /* OneViewController.m */ = {isa = PBXFileReference; fileEncoding = 4; lastKnownFileType = sourcecode.c.objc; path = OneViewController.m; sourceTree = "<group>"; };
		3ECCCBB91E9DC9CB00347C6D /* ThreeViewController.h */ = {isa = PBXFileReference; fileEncoding = 4; lastKnownFileType = sourcecode.c.h; path = ThreeViewController.h; sourceTree = "<group>"; };
		3ECCCBBA1E9DC9CB00347C6D /* ThreeViewController.m */ = {isa = PBXFileReference; fileEncoding = 4; lastKnownFileType = sourcecode.c.objc; path = ThreeViewController.m; sourceTree = "<group>"; };
		3ECCCBBC1E9DC9D100347C6D /* TwoViewController.h */ = {isa = PBXFileReference; fileEncoding = 4; lastKnownFileType = sourcecode.c.h; path = TwoViewController.h; sourceTree = "<group>"; };
		3ECCCBBD1E9DC9D100347C6D /* TwoViewController.m */ = {isa = PBXFileReference; fileEncoding = 4; lastKnownFileType = sourcecode.c.objc; path = TwoViewController.m; sourceTree = "<group>"; };
		3ECCCBC01E9DCA7D00347C6D /* CustomNavigationController.h */ = {isa = PBXFileReference; fileEncoding = 4; lastKnownFileType = sourcecode.c.h; path = CustomNavigationController.h; sourceTree = "<group>"; };
		3ECCCBC11E9DCA7D00347C6D /* CustomNavigationController.m */ = {isa = PBXFileReference; fileEncoding = 4; lastKnownFileType = sourcecode.c.objc; path = CustomNavigationController.m; sourceTree = "<group>"; };
		3ECCCBC21E9DCA7D00347C6D /* UIViewController+CustomNavigationExtension.h */ = {isa = PBXFileReference; fileEncoding = 4; lastKnownFileType = sourcecode.c.h; path = "UIViewController+CustomNavigationExtension.h"; sourceTree = "<group>"; };
		3ECCCBC31E9DCA7D00347C6D /* UIViewController+CustomNavigationExtension.m */ = {isa = PBXFileReference; fileEncoding = 4; lastKnownFileType = sourcecode.c.objc; path = "UIViewController+CustomNavigationExtension.m"; sourceTree = "<group>"; };
		3ECCCBC71E9DCBD800347C6D /* Tools.h */ = {isa = PBXFileReference; fileEncoding = 4; lastKnownFileType = sourcecode.c.h; path = Tools.h; sourceTree = "<group>"; };
		3ECCCBC81E9DCBD800347C6D /* Tools.m */ = {isa = PBXFileReference; fileEncoding = 4; lastKnownFileType = sourcecode.c.objc; path = Tools.m; sourceTree = "<group>"; };
		3ECCCBCB1E9DCDCE00347C6D /* SFHFKeychainUtils.h */ = {isa = PBXFileReference; fileEncoding = 4; lastKnownFileType = sourcecode.c.h; path = SFHFKeychainUtils.h; sourceTree = "<group>"; };
		3ECCCBCC1E9DCDCE00347C6D /* SFHFKeychainUtils.m */ = {isa = PBXFileReference; fileEncoding = 4; lastKnownFileType = sourcecode.c.objc; path = SFHFKeychainUtils.m; sourceTree = "<group>"; };
		3EE55BEF1E9F0BDD00CD2599 /* zh-Hans */ = {isa = PBXFileReference; lastKnownFileType = text.plist.strings; name = "zh-Hans"; path = "zh-Hans.lproj/LaunchScreen.strings"; sourceTree = "<group>"; };
		3EE55BF01E9F0BF200CD2599 /* zh-Hant */ = {isa = PBXFileReference; lastKnownFileType = text.plist.strings; name = "zh-Hant"; path = "zh-Hant.lproj/LaunchScreen.strings"; sourceTree = "<group>"; };
		3EE55BF41E9F0C8B00CD2599 /* en */ = {isa = PBXFileReference; lastKnownFileType = text.plist.strings; name = en; path = en.lproj/InfoPlist.strings; sourceTree = "<group>"; };
		3EE55BF61E9F0CA800CD2599 /* zh-Hans */ = {isa = PBXFileReference; lastKnownFileType = text.plist.strings; name = "zh-Hans"; path = "zh-Hans.lproj/InfoPlist.strings"; sourceTree = "<group>"; };
		3EE55BF71E9F0CA900CD2599 /* zh-Hant */ = {isa = PBXFileReference; lastKnownFileType = text.plist.strings; name = "zh-Hant"; path = "zh-Hant.lproj/InfoPlist.strings"; sourceTree = "<group>"; };
		3EE55BF81E9F17FF00CD2599 /* DHLanguageTool.h */ = {isa = PBXFileReference; fileEncoding = 4; lastKnownFileType = sourcecode.c.h; path = DHLanguageTool.h; sourceTree = "<group>"; };
		3EE55BF91E9F17FF00CD2599 /* DHLanguageTool.m */ = {isa = PBXFileReference; fileEncoding = 4; lastKnownFileType = sourcecode.c.objc; path = DHLanguageTool.m; sourceTree = "<group>"; };
		3EE55C051E9F1BA500CD2599 /* en */ = {isa = PBXFileReference; lastKnownFileType = text.plist.strings; name = en; path = en.lproj/DHLocalizable.strings; sourceTree = "<group>"; };
		3EE55C071E9F1BA800CD2599 /* zh-Hans */ = {isa = PBXFileReference; lastKnownFileType = text.plist.strings; name = "zh-Hans"; path = "zh-Hans.lproj/DHLocalizable.strings"; sourceTree = "<group>"; };
		3EE55C081E9F1BA900CD2599 /* zh-Hant */ = {isa = PBXFileReference; lastKnownFileType = text.plist.strings; name = "zh-Hant"; path = "zh-Hant.lproj/DHLocalizable.strings"; sourceTree = "<group>"; };
		3EE55C091E9F2E2600CD2599 /* centercheck.png */ = {isa = PBXFileReference; lastKnownFileType = image.png; path = centercheck.png; sourceTree = "<group>"; };
		3EE55C0B1E9F2E3A00CD2599 /* LanSwitchCell.h */ = {isa = PBXFileReference; fileEncoding = 4; lastKnownFileType = sourcecode.c.h; path = LanSwitchCell.h; sourceTree = "<group>"; };
		3EE55C0C1E9F2E3A00CD2599 /* LanSwitchCell.m */ = {isa = PBXFileReference; fileEncoding = 4; lastKnownFileType = sourcecode.c.objc; path = LanSwitchCell.m; sourceTree = "<group>"; };
		5BCE371A39473BA854C8B6E8 /* Pods-iWords.debug.xcconfig */ = {isa = PBXFileReference; includeInIndex = 1; lastKnownFileType = text.xcconfig; name = "Pods-iWords.debug.xcconfig"; path = "Pods/Target Support Files/Pods-iWords/Pods-iWords.debug.xcconfig"; sourceTree = "<group>"; };
		A0F5792CAD40449466BFF04C /* libPods-iWords.a */ = {isa = PBXFileReference; explicitFileType = archive.ar; includeInIndex = 0; path = "libPods-iWords.a"; sourceTree = BUILT_PRODUCTS_DIR; };
		A777AA7588A4BE77EFF8E4D8 /* Pods-iWords.release.xcconfig */ = {isa = PBXFileReference; includeInIndex = 1; lastKnownFileType = text.xcconfig; name = "Pods-iWords.release.xcconfig"; path = "Pods/Target Support Files/Pods-iWords/Pods-iWords.release.xcconfig"; sourceTree = "<group>"; };
/* End PBXFileReference section */

/* Begin PBXFrameworksBuildPhase section */
		3ECCCB721E9DC69200347C6D /* Frameworks */ = {
			isa = PBXFrameworksBuildPhase;
			buildActionMask = 2147483647;
			files = (
				7A35F36D9EC667F43ECA9217 /* libPods-iWords.a in Frameworks */,
			);
			runOnlyForDeploymentPostprocessing = 0;
		};
/* End PBXFrameworksBuildPhase section */

/* Begin PBXGroup section */
		3A95C71B0113C2C3FC4127C3 /* Frameworks */ = {
			isa = PBXGroup;
			children = (
				A0F5792CAD40449466BFF04C /* libPods-iWords.a */,
			);
			name = Frameworks;
			sourceTree = "<group>";
		};
		3E2AF4801E9F985E00EE6C72 /* AboutMe */ = {
			isa = PBXGroup;
			children = (
				3E2AF4811E9F986E00EE6C72 /* AboutMeViewController.h */,
				3E2AF4821E9F986E00EE6C72 /* AboutMeViewController.m */,
			);
			path = AboutMe;
			sourceTree = "<group>";
		};
		3E2AF4921E9FA6B100EE6C72 /* word */ = {
			isa = PBXGroup;
			children = (
				3E6098461EB0405100739B8C /* add_word@2x.png */,
			);
			path = word;
			sourceTree = "<group>";
		};
		3E60984C1EB0422100739B8C /* addWordView */ = {
			isa = PBXGroup;
			children = (
				3E60984D1EB0422C00739B8C /* addWordViewController.h */,
				3E60984E1EB0422C00739B8C /* addWordViewController.m */,
			);
			path = addWordView;
			sourceTree = "<group>";
		};
		3E6098521EB0461E00739B8C /* DHPopupMenu */ = {
			isa = PBXGroup;
			children = (
				3E6098531EB0461E00739B8C /* DHPopupMenu.h */,
				3E6098541EB0461E00739B8C /* DHPopupMenu.m */,
				3E6098551EB0461E00739B8C /* DHPopupMenuCell.h */,
				3E6098561EB0461E00739B8C /* DHPopupMenuCell.m */,
				3E6098571EB0461E00739B8C /* UIView+Addition.h */,
				3E6098581EB0461E00739B8C /* UIView+Addition.m */,
			);
			path = DHPopupMenu;
			sourceTree = "<group>";
		};
		3E60985E1EB04F2500739B8C /* SearchView */ = {
			isa = PBXGroup;
			children = (
				3E60985F1EB04F2E00739B8C /* SearchViewController.h */,
				3E6098601EB04F2E00739B8C /* SearchViewController.m */,
			);
			path = SearchView;
			sourceTree = "<group>";
		};
		3E772EEB1E9E08D200E52329 /* tabbar */ = {
			isa = PBXGroup;
			children = (
				3EA0B4811EA1CF8A00EB28B4 /* tabBar_bg@2x.png */,
				3EA0B4821EA1CF8A00EB28B4 /* tabBar_bg@3x.png */,
				3E772F381E9E363800E52329 /* my@2x.png */,
				3E772F391E9E363800E52329 /* mySele@2x.png */,
				3E772F3A1E9E363800E52329 /* record@2x.png */,
				3E772F3B1E9E363800E52329 /* recordSele@2x.png */,
				3E772F3C1E9E363800E52329 /* search@2x.png */,
				3E772F3D1E9E363800E52329 /* searchSele@2x.png */,
			);
			path = tabbar;
			sourceTree = "<group>";
		};
		3E772F0F1E9E2D3F00E52329 /* center */ = {
			isa = PBXGroup;
			children = (
				3E2AF48E1E9FA46100EE6C72 /* share_wechat.png */,
				3E2AF48F1E9FA46100EE6C72 /* share_wechatLine.png */,
				3EE55C091E9F2E2600CD2599 /* centercheck.png */,
				3E772F101E9E2D4800E52329 /* center_1.png */,
				3E772F1E1E9E2E3800E52329 /* center_2.png */,
				3E772F121E9E2D4800E52329 /* center_3.png */,
				3E772F131E9E2D4800E52329 /* center_4.png */,
				3E772F141E9E2D4800E52329 /* center_5.png */,
				3E772F151E9E2D4800E52329 /* center_6.png */,
				3E772F161E9E2D4800E52329 /* center_7.png */,
				3E2AF4881E9F9A7800EE6C72 /* center_8.png */,
			);
			path = center;
			sourceTree = "<group>";
		};
		3E772F201E9E2FC600E52329 /* InviteFriends */ = {
			isa = PBXGroup;
			children = (
				3E772F211E9E2FD100E52329 /* InviteViewController.h */,
				3E772F221E9E2FD100E52329 /* InviteViewController.m */,
			);
			path = InviteFriends;
			sourceTree = "<group>";
		};
		3E772F241E9E30E100E52329 /* HelpCenter */ = {
			isa = PBXGroup;
			children = (
				3E772F281E9E30EB00E52329 /* HelpCenterViewController.h */,
				3E772F291E9E30EB00E52329 /* HelpCenterViewController.m */,
			);
			path = HelpCenter;
			sourceTree = "<group>";
		};
		3E772F251E9E30E100E52329 /* JoinGroup */ = {
			isa = PBXGroup;
			children = (
				3E772F2B1E9E30F500E52329 /* JoinGroupViewController.h */,
				3E772F2C1E9E30F500E52329 /* JoinGroupViewController.m */,
			);
			path = JoinGroup;
			sourceTree = "<group>";
		};
		3E772F261E9E30E100E52329 /* LanguageSwitch */ = {
			isa = PBXGroup;
			children = (
				3E772F2E1E9E310200E52329 /* LanSwitchViewController.h */,
				3E772F2F1E9E310200E52329 /* LanSwitchViewController.m */,
				3EE55C0B1E9F2E3A00CD2599 /* LanSwitchCell.h */,
				3EE55C0C1E9F2E3A00CD2599 /* LanSwitchCell.m */,
			);
			path = LanguageSwitch;
			sourceTree = "<group>";
		};
		3E772F271E9E30E100E52329 /* UserAgreement */ = {
			isa = PBXGroup;
			children = (
				3E772F311E9E311500E52329 /* UserAgreementViewController.h */,
				3E772F321E9E311500E52329 /* UserAgreementViewController.m */,
			);
			path = UserAgreement;
			sourceTree = "<group>";
		};
		3ECCCB6C1E9DC69200347C6D = {
			isa = PBXGroup;
			children = (
				3ECCCB771E9DC69200347C6D /* iWords */,
				3ECCCB761E9DC69200347C6D /* Products */,
				961B6C1AF1C71B96B8D0A664 /* Pods */,
				3A95C71B0113C2C3FC4127C3 /* Frameworks */,
			);
			sourceTree = "<group>";
		};
		3ECCCB761E9DC69200347C6D /* Products */ = {
			isa = PBXGroup;
			children = (
				3ECCCB751E9DC69200347C6D /* iWords.app */,
			);
			name = Products;
			sourceTree = "<group>";
		};
		3ECCCB771E9DC69200347C6D /* iWords */ = {
			isa = PBXGroup;
			children = (
				3ECCCB8F1E9DC77D00347C6D /* Application */,
				3ECCCB901E9DC77D00347C6D /* Expand */,
				3ECCCB911E9DC77D00347C6D /* Lib */,
				3ECCCB921E9DC77D00347C6D /* MainView */,
				3ECCCB931E9DC77D00347C6D /* Resource */,
				3ECCCB7B1E9DC69200347C6D /* AppDelegate.h */,
				3ECCCB7C1E9DC69200347C6D /* AppDelegate.m */,
				3ECCCBAE1E9DC89300347C6D /* MyPrefixHeader.pch */,
				3ECCCB841E9DC69200347C6D /* Assets.xcassets */,
				3ECCCB861E9DC69200347C6D /* LaunchScreen.storyboard */,
				3ECCCB891E9DC69200347C6D /* Info.plist */,
				3EE55C061E9F1BA500CD2599 /* DHLocalizable.strings */,
				3EE55BF51E9F0C8B00CD2599 /* InfoPlist.strings */,
				3ECCCB781E9DC69200347C6D /* Supporting Files */,
			);
			path = iWords;
			sourceTree = "<group>";
		};
		3ECCCB781E9DC69200347C6D /* Supporting Files */ = {
			isa = PBXGroup;
			children = (
				3ECCCB791E9DC69200347C6D /* main.m */,
			);
			name = "Supporting Files";
			sourceTree = "<group>";
		};
		3ECCCB8F1E9DC77D00347C6D /* Application */ = {
			isa = PBXGroup;
			children = (
				3ECCCBAF1E9DC9B300347C6D /* Four */,
				3ECCCBB01E9DC9B300347C6D /* One */,
				3ECCCBB11E9DC9B300347C6D /* Three */,
				3ECCCBB21E9DC9B300347C6D /* Two */,
			);
			path = Application;
			sourceTree = "<group>";
		};
		3ECCCB901E9DC77D00347C6D /* Expand */ = {
			isa = PBXGroup;
			children = (
				3ECCCBCA1E9DCDCE00347C6D /* SFHFKeychainUtils */,
				3ECCCBC61E9DCBD800347C6D /* Tool */,
			);
			path = Expand;
			sourceTree = "<group>";
		};
		3ECCCB911E9DC77D00347C6D /* Lib */ = {
			isa = PBXGroup;
			children = (
				3E6098521EB0461E00739B8C /* DHPopupMenu */,
				3ECCCBBF1E9DCA6F00347C6D /* CustomNavigation */,
				3ECCCB9D1E9DC86900347C6D /* Helper */,
			);
			path = Lib;
			sourceTree = "<group>";
		};
		3ECCCB921E9DC77D00347C6D /* MainView */ = {
			isa = PBXGroup;
			children = (
				3ECCCB941E9DC7D800347C6D /* BaseViewController.h */,
				3ECCCB951E9DC7D800347C6D /* BaseViewController.m */,
				3ECCCB971E9DC7EF00347C6D /* GuideViewController.h */,
				3ECCCB981E9DC7EF00347C6D /* GuideViewController.m */,
				3ECCCB9A1E9DC80400347C6D /* MainTabBar.h */,
				3ECCCB9B1E9DC80400347C6D /* MainTabBar.m */,
			);
			path = MainView;
			sourceTree = "<group>";
		};
		3ECCCB931E9DC77D00347C6D /* Resource */ = {
			isa = PBXGroup;
			children = (
				3E60985C1EB049BA00739B8C /* Comic Sans MS.ttf */,
				3E6098501EB0446A00739B8C /* home_search@2x.png */,
				3E2AF4C21EA0D37700EE6C72 /* iwords_icon.png */,
				3E2AF47E1E9F983800EE6C72 /* aboutMe.html */,
				3E772F361E9E327200E52329 /* service_terms_chs.html */,
				3E772F341E9E326C00E52329 /* whiteBack@2x.png */,
				3E2AF4921E9FA6B100EE6C72 /* word */,
				3E772F0F1E9E2D3F00E52329 /* center */,
				3E772EEB1E9E08D200E52329 /* tabbar */,
			);
			path = Resource;
			sourceTree = "<group>";
		};
		3ECCCB9D1E9DC86900347C6D /* Helper */ = {
			isa = PBXGroup;
			children = (
				3ECCCB9E1E9DC86900347C6D /* Factory.h */,
				3ECCCB9F1E9DC86900347C6D /* Factory.m */,
				3ECCCBA21E9DC86900347C6D /* MyHelper.h */,
				3ECCCBA31E9DC86900347C6D /* UIColor+FlatColors.h */,
				3ECCCBA41E9DC86900347C6D /* UIColor+FlatColors.m */,
				3ECCCBA51E9DC86900347C6D /* UILabel+LabelHeightAndWidth.h */,
				3ECCCBA61E9DC86900347C6D /* UILabel+LabelHeightAndWidth.m */,
				3ECCCBA71E9DC86900347C6D /* UIView+Addition.h */,
				3ECCCBA81E9DC86900347C6D /* UIView+Addition.m */,
			);
			path = Helper;
			sourceTree = "<group>";
		};
		3ECCCBAF1E9DC9B300347C6D /* Four */ = {
			isa = PBXGroup;
			children = (
				3ECCCBB31E9DC9BE00347C6D /* FourViewController.h */,
				3ECCCBB41E9DC9BE00347C6D /* FourViewController.m */,
			);
			path = Four;
			sourceTree = "<group>";
		};
		3ECCCBB01E9DC9B300347C6D /* One */ = {
			isa = PBXGroup;
			children = (
				3E60985E1EB04F2500739B8C /* SearchView */,
				3ECCCBB61E9DC9C500347C6D /* OneViewController.h */,
				3ECCCBB71E9DC9C500347C6D /* OneViewController.m */,
			);
			path = One;
			sourceTree = "<group>";
		};
		3ECCCBB11E9DC9B300347C6D /* Three */ = {
			isa = PBXGroup;
			children = (
				3E2AF4801E9F985E00EE6C72 /* AboutMe */,
				3E772F241E9E30E100E52329 /* HelpCenter */,
				3E772F251E9E30E100E52329 /* JoinGroup */,
				3E772F261E9E30E100E52329 /* LanguageSwitch */,
				3E772F271E9E30E100E52329 /* UserAgreement */,
				3E772F201E9E2FC600E52329 /* InviteFriends */,
				3ECCCBB91E9DC9CB00347C6D /* ThreeViewController.h */,
				3ECCCBBA1E9DC9CB00347C6D /* ThreeViewController.m */,
				3E772F0C1E9E22E900E52329 /* CenterCell.h */,
				3E772F0D1E9E22E900E52329 /* CenterCell.m */,
			);
			path = Three;
			sourceTree = "<group>";
		};
		3ECCCBB21E9DC9B300347C6D /* Two */ = {
			isa = PBXGroup;
			children = (
				3E60984C1EB0422100739B8C /* addWordView */,
				3ECCCBBC1E9DC9D100347C6D /* TwoViewController.h */,
				3ECCCBBD1E9DC9D100347C6D /* TwoViewController.m */,
			);
			path = Two;
			sourceTree = "<group>";
		};
		3ECCCBBF1E9DCA6F00347C6D /* CustomNavigation */ = {
			isa = PBXGroup;
			children = (
				3ECCCBC01E9DCA7D00347C6D /* CustomNavigationController.h */,
				3ECCCBC11E9DCA7D00347C6D /* CustomNavigationController.m */,
				3ECCCBC21E9DCA7D00347C6D /* UIViewController+CustomNavigationExtension.h */,
				3ECCCBC31E9DCA7D00347C6D /* UIViewController+CustomNavigationExtension.m */,
			);
			path = CustomNavigation;
			sourceTree = "<group>";
		};
		3ECCCBC61E9DCBD800347C6D /* Tool */ = {
			isa = PBXGroup;
			children = (
				3ECCCBC71E9DCBD800347C6D /* Tools.h */,
				3ECCCBC81E9DCBD800347C6D /* Tools.m */,
				3EE55BF81E9F17FF00CD2599 /* DHLanguageTool.h */,
				3EE55BF91E9F17FF00CD2599 /* DHLanguageTool.m */,
			);
			path = Tool;
			sourceTree = "<group>";
		};
		3ECCCBCA1E9DCDCE00347C6D /* SFHFKeychainUtils */ = {
			isa = PBXGroup;
			children = (
				3ECCCBCB1E9DCDCE00347C6D /* SFHFKeychainUtils.h */,
				3ECCCBCC1E9DCDCE00347C6D /* SFHFKeychainUtils.m */,
			);
			path = SFHFKeychainUtils;
			sourceTree = "<group>";
		};
		961B6C1AF1C71B96B8D0A664 /* Pods */ = {
			isa = PBXGroup;
			children = (
				5BCE371A39473BA854C8B6E8 /* Pods-iWords.debug.xcconfig */,
				A777AA7588A4BE77EFF8E4D8 /* Pods-iWords.release.xcconfig */,
			);
			name = Pods;
			sourceTree = "<group>";
		};
/* End PBXGroup section */

/* Begin PBXNativeTarget section */
		3ECCCB741E9DC69200347C6D /* iWords */ = {
			isa = PBXNativeTarget;
			buildConfigurationList = 3ECCCB8C1E9DC69200347C6D /* Build configuration list for PBXNativeTarget "iWords" */;
			buildPhases = (
				B5CFB40897A2DF31AAEDD6D7 /* [CP] Check Pods Manifest.lock */,
				3ECCCB711E9DC69200347C6D /* Sources */,
				3ECCCB721E9DC69200347C6D /* Frameworks */,
				3ECCCB731E9DC69200347C6D /* Resources */,
				23806632ED7E0178B1ACD1A4 /* [CP] Embed Pods Frameworks */,
				87EA75FEA41E0D8F5372F486 /* [CP] Copy Pods Resources */,
			);
			buildRules = (
			);
			dependencies = (
			);
			name = iWords;
			productName = iWords;
			productReference = 3ECCCB751E9DC69200347C6D /* iWords.app */;
			productType = "com.apple.product-type.application";
		};
/* End PBXNativeTarget section */

/* Begin PBXProject section */
		3ECCCB6D1E9DC69200347C6D /* Project object */ = {
			isa = PBXProject;
			attributes = {
				LastUpgradeCheck = 0830;
				ORGANIZATIONNAME = zhangdinghao;
				TargetAttributes = {
					3ECCCB741E9DC69200347C6D = {
						CreatedOnToolsVersion = 8.3.1;
						DevelopmentTeam = PRKPCBLSYK;
						ProvisioningStyle = Automatic;
					};
				};
			};
			buildConfigurationList = 3ECCCB701E9DC69200347C6D /* Build configuration list for PBXProject "iWords" */;
			compatibilityVersion = "Xcode 3.2";
			developmentRegion = English;
			hasScannedForEncodings = 0;
			knownRegions = (
				en,
				Base,
				"zh-Hans",
				"zh-Hant",
			);
			mainGroup = 3ECCCB6C1E9DC69200347C6D;
			productRefGroup = 3ECCCB761E9DC69200347C6D /* Products */;
			projectDirPath = "";
			projectRoot = "";
			targets = (
				3ECCCB741E9DC69200347C6D /* iWords */,
			);
		};
/* End PBXProject section */

/* Begin PBXResourcesBuildPhase section */
		3ECCCB731E9DC69200347C6D /* Resources */ = {
			isa = PBXResourcesBuildPhase;
			buildActionMask = 2147483647;
			files = (
				3E60985D1EB04A4000739B8C /* Comic Sans MS.ttf in Resources */,
				3EE55C041E9F1BA500CD2599 /* DHLocalizable.strings in Resources */,
				3E772F421E9E363800E52329 /* search@2x.png in Resources */,
				3E772F1F1E9E2E3800E52329 /* center_2.png in Resources */,
				3E772F1D1E9E2D4800E52329 /* center_7.png in Resources */,
				3ECCCB881E9DC69200347C6D /* LaunchScreen.storyboard in Resources */,
				3E2AF4911E9FA46100EE6C72 /* share_wechatLine.png in Resources */,
				3E772F1B1E9E2D4800E52329 /* center_5.png in Resources */,
				3E772F431E9E363800E52329 /* searchSele@2x.png in Resources */,
				3E772F1A1E9E2D4800E52329 /* center_4.png in Resources */,
				3EA0B4841EA1CF8A00EB28B4 /* tabBar_bg@3x.png in Resources */,
				3E2AF4901E9FA46100EE6C72 /* share_wechat.png in Resources */,
				3EE55BF31E9F0C8B00CD2599 /* InfoPlist.strings in Resources */,
				3EA0B4831EA1CF8A00EB28B4 /* tabBar_bg@2x.png in Resources */,
				3EE55C0A1E9F2E2600CD2599 /* centercheck.png in Resources */,
				3E772F371E9E327200E52329 /* service_terms_chs.html in Resources */,
				3E2AF4C31EA0D37700EE6C72 /* iwords_icon.png in Resources */,
				3E6098471EB0405100739B8C /* add_word@2x.png in Resources */,
				3E772F171E9E2D4800E52329 /* center_1.png in Resources */,
				3ECCCB851E9DC69200347C6D /* Assets.xcassets in Resources */,
				3E772F3E1E9E363800E52329 /* my@2x.png in Resources */,
				3E772F191E9E2D4800E52329 /* center_3.png in Resources */,
				3E2AF47F1E9F983800EE6C72 /* aboutMe.html in Resources */,
				3E6098511EB0446A00739B8C /* home_search@2x.png in Resources */,
				3E772F3F1E9E363800E52329 /* mySele@2x.png in Resources */,
				3E2AF4891E9F9A7800EE6C72 /* center_8.png in Resources */,
				3E772F1C1E9E2D4800E52329 /* center_6.png in Resources */,
				3E772F351E9E326C00E52329 /* whiteBack@2x.png in Resources */,
				3E772F401E9E363800E52329 /* record@2x.png in Resources */,
				3E772F411E9E363800E52329 /* recordSele@2x.png in Resources */,
			);
			runOnlyForDeploymentPostprocessing = 0;
		};
/* End PBXResourcesBuildPhase section */

/* Begin PBXShellScriptBuildPhase section */
		23806632ED7E0178B1ACD1A4 /* [CP] Embed Pods Frameworks */ = {
			isa = PBXShellScriptBuildPhase;
			buildActionMask = 2147483647;
			files = (
			);
			inputPaths = (
			);
			name = "[CP] Embed Pods Frameworks";
			outputPaths = (
			);
			runOnlyForDeploymentPostprocessing = 0;
			shellPath = /bin/sh;
			shellScript = "\"${SRCROOT}/Pods/Target Support Files/Pods-iWords/Pods-iWords-frameworks.sh\"\n";
			showEnvVarsInLog = 0;
		};
		87EA75FEA41E0D8F5372F486 /* [CP] Copy Pods Resources */ = {
			isa = PBXShellScriptBuildPhase;
			buildActionMask = 2147483647;
			files = (
			);
			inputPaths = (
			);
			name = "[CP] Copy Pods Resources";
			outputPaths = (
			);
			runOnlyForDeploymentPostprocessing = 0;
			shellPath = /bin/sh;
			shellScript = "\"${SRCROOT}/Pods/Target Support Files/Pods-iWords/Pods-iWords-resources.sh\"\n";
			showEnvVarsInLog = 0;
		};
		B5CFB40897A2DF31AAEDD6D7 /* [CP] Check Pods Manifest.lock */ = {
			isa = PBXShellScriptBuildPhase;
			buildActionMask = 2147483647;
			files = (
			);
			inputPaths = (
			);
			name = "[CP] Check Pods Manifest.lock";
			outputPaths = (
			);
			runOnlyForDeploymentPostprocessing = 0;
			shellPath = /bin/sh;
			shellScript = "diff \"${PODS_ROOT}/../Podfile.lock\" \"${PODS_ROOT}/Manifest.lock\" > /dev/null\nif [ $? != 0 ] ; then\n    # print error to STDERR\n    echo \"error: The sandbox is not in sync with the Podfile.lock. Run 'pod install' or update your CocoaPods installation.\" >&2\n    exit 1\nfi\n";
			showEnvVarsInLog = 0;
		};
/* End PBXShellScriptBuildPhase section */

/* Begin PBXSourcesBuildPhase section */
		3ECCCB711E9DC69200347C6D /* Sources */ = {
			isa = PBXSourcesBuildPhase;
			buildActionMask = 2147483647;
			files = (
				3ECCCBAD1E9DC86900347C6D /* UIView+Addition.m in Sources */,
				3ECCCBC41E9DCA7D00347C6D /* CustomNavigationController.m in Sources */,
				3ECCCBBB1E9DC9CB00347C6D /* ThreeViewController.m in Sources */,
				3ECCCB961E9DC7D800347C6D /* BaseViewController.m in Sources */,
				3ECCCBB81E9DC9C500347C6D /* OneViewController.m in Sources */,
				3E6098591EB0461E00739B8C /* DHPopupMenu.m in Sources */,
				3E60985A1EB0461E00739B8C /* DHPopupMenuCell.m in Sources */,
				3ECCCB9C1E9DC80400347C6D /* MainTabBar.m in Sources */,
				3E772F301E9E310200E52329 /* LanSwitchViewController.m in Sources */,
				3E60984F1EB0422C00739B8C /* addWordViewController.m in Sources */,
				3E772F2D1E9E30F500E52329 /* JoinGroupViewController.m in Sources */,
				3E6098611EB04F2E00739B8C /* SearchViewController.m in Sources */,
				3ECCCBC51E9DCA7D00347C6D /* UIViewController+CustomNavigationExtension.m in Sources */,
				3E772F231E9E2FD100E52329 /* InviteViewController.m in Sources */,
				3ECCCB991E9DC7EF00347C6D /* GuideViewController.m in Sources */,
				3ECCCBBE1E9DC9D100347C6D /* TwoViewController.m in Sources */,
				3E2AF4831E9F986E00EE6C72 /* AboutMeViewController.m in Sources */,
				3E772F2A1E9E30EB00E52329 /* HelpCenterViewController.m in Sources */,
				3ECCCB7D1E9DC69200347C6D /* AppDelegate.m in Sources */,
				3E772F0E1E9E22E900E52329 /* CenterCell.m in Sources */,
				3ECCCBC91E9DCBD800347C6D /* Tools.m in Sources */,
				3E772F331E9E311500E52329 /* UserAgreementViewController.m in Sources */,
				3EE55BFA1E9F17FF00CD2599 /* DHLanguageTool.m in Sources */,
				3ECCCBAC1E9DC86900347C6D /* UILabel+LabelHeightAndWidth.m in Sources */,
				3ECCCBAB1E9DC86900347C6D /* UIColor+FlatColors.m in Sources */,
				3ECCCBCD1E9DCDCE00347C6D /* SFHFKeychainUtils.m in Sources */,
				3ECCCB7A1E9DC69200347C6D /* main.m in Sources */,
				3E60985B1EB0461E00739B8C /* UIView+Addition.m in Sources */,
				3ECCCBB51E9DC9BE00347C6D /* FourViewController.m in Sources */,
				3EE55C0D1E9F2E3A00CD2599 /* LanSwitchCell.m in Sources */,
				3ECCCBA91E9DC86900347C6D /* Factory.m in Sources */,
			);
			runOnlyForDeploymentPostprocessing = 0;
		};
/* End PBXSourcesBuildPhase section */

/* Begin PBXVariantGroup section */
		3ECCCB861E9DC69200347C6D /* LaunchScreen.storyboard */ = {
			isa = PBXVariantGroup;
			children = (
				3ECCCB871E9DC69200347C6D /* Base */,
				3EE55BEF1E9F0BDD00CD2599 /* zh-Hans */,
				3EE55BF01E9F0BF200CD2599 /* zh-Hant */,
			);
			name = LaunchScreen.storyboard;
			sourceTree = "<group>";
		};
		3EE55BF51E9F0C8B00CD2599 /* InfoPlist.strings */ = {
			isa = PBXVariantGroup;
			children = (
				3EE55BF41E9F0C8B00CD2599 /* en */,
				3EE55BF61E9F0CA800CD2599 /* zh-Hans */,
				3EE55BF71E9F0CA900CD2599 /* zh-Hant */,
			);
			name = InfoPlist.strings;
			sourceTree = "<group>";
		};
		3EE55C061E9F1BA500CD2599 /* DHLocalizable.strings */ = {
			isa = PBXVariantGroup;
			children = (
				3EE55C051E9F1BA500CD2599 /* en */,
				3EE55C071E9F1BA800CD2599 /* zh-Hans */,
				3EE55C081E9F1BA900CD2599 /* zh-Hant */,
			);
			name = DHLocalizable.strings;
			sourceTree = "<group>";
		};
/* End PBXVariantGroup section */

/* Begin XCBuildConfiguration section */
		3ECCCB8A1E9DC69200347C6D /* Debug */ = {
			isa = XCBuildConfiguration;
			buildSettings = {
				ALWAYS_SEARCH_USER_PATHS = NO;
				CLANG_ANALYZER_LOCALIZABILITY_NONLOCALIZED = YES;
				CLANG_ANALYZER_NONNULL = YES;
				CLANG_ANALYZER_NUMBER_OBJECT_CONVERSION = YES_AGGRESSIVE;
				CLANG_CXX_LANGUAGE_STANDARD = "gnu++0x";
				CLANG_CXX_LIBRARY = "libc++";
				CLANG_ENABLE_MODULES = YES;
				CLANG_ENABLE_OBJC_ARC = YES;
				CLANG_WARN_BOOL_CONVERSION = YES;
				CLANG_WARN_CONSTANT_CONVERSION = YES;
				CLANG_WARN_DIRECT_OBJC_ISA_USAGE = YES_ERROR;
				CLANG_WARN_DOCUMENTATION_COMMENTS = YES;
				CLANG_WARN_EMPTY_BODY = YES;
				CLANG_WARN_ENUM_CONVERSION = YES;
				CLANG_WARN_INFINITE_RECURSION = YES;
				CLANG_WARN_INT_CONVERSION = YES;
				CLANG_WARN_OBJC_ROOT_CLASS = YES_ERROR;
				CLANG_WARN_SUSPICIOUS_MOVE = YES;
				CLANG_WARN_UNREACHABLE_CODE = YES;
				CLANG_WARN__DUPLICATE_METHOD_MATCH = YES;
				"CODE_SIGN_IDENTITY[sdk=iphoneos*]" = "iPhone Developer";
				COPY_PHASE_STRIP = NO;
				DEBUG_INFORMATION_FORMAT = dwarf;
				ENABLE_STRICT_OBJC_MSGSEND = YES;
				ENABLE_TESTABILITY = YES;
				GCC_C_LANGUAGE_STANDARD = gnu99;
				GCC_DYNAMIC_NO_PIC = NO;
				GCC_NO_COMMON_BLOCKS = YES;
				GCC_OPTIMIZATION_LEVEL = 0;
				GCC_PREPROCESSOR_DEFINITIONS = (
					"DEBUG=1",
					"$(inherited)",
				);
				GCC_WARN_64_TO_32_BIT_CONVERSION = YES;
				GCC_WARN_ABOUT_RETURN_TYPE = YES_ERROR;
				GCC_WARN_UNDECLARED_SELECTOR = YES;
				GCC_WARN_UNINITIALIZED_AUTOS = YES_AGGRESSIVE;
				GCC_WARN_UNUSED_FUNCTION = YES;
				GCC_WARN_UNUSED_VARIABLE = YES;
				IPHONEOS_DEPLOYMENT_TARGET = 10.3;
				MTL_ENABLE_DEBUG_INFO = YES;
				ONLY_ACTIVE_ARCH = YES;
				SDKROOT = iphoneos;
			};
			name = Debug;
		};
		3ECCCB8B1E9DC69200347C6D /* Release */ = {
			isa = XCBuildConfiguration;
			buildSettings = {
				ALWAYS_SEARCH_USER_PATHS = NO;
				CLANG_ANALYZER_LOCALIZABILITY_NONLOCALIZED = YES;
				CLANG_ANALYZER_NONNULL = YES;
				CLANG_ANALYZER_NUMBER_OBJECT_CONVERSION = YES_AGGRESSIVE;
				CLANG_CXX_LANGUAGE_STANDARD = "gnu++0x";
				CLANG_CXX_LIBRARY = "libc++";
				CLANG_ENABLE_MODULES = YES;
				CLANG_ENABLE_OBJC_ARC = YES;
				CLANG_WARN_BOOL_CONVERSION = YES;
				CLANG_WARN_CONSTANT_CONVERSION = YES;
				CLANG_WARN_DIRECT_OBJC_ISA_USAGE = YES_ERROR;
				CLANG_WARN_DOCUMENTATION_COMMENTS = YES;
				CLANG_WARN_EMPTY_BODY = YES;
				CLANG_WARN_ENUM_CONVERSION = YES;
				CLANG_WARN_INFINITE_RECURSION = YES;
				CLANG_WARN_INT_CONVERSION = YES;
				CLANG_WARN_OBJC_ROOT_CLASS = YES_ERROR;
				CLANG_WARN_SUSPICIOUS_MOVE = YES;
				CLANG_WARN_UNREACHABLE_CODE = YES;
				CLANG_WARN__DUPLICATE_METHOD_MATCH = YES;
				"CODE_SIGN_IDENTITY[sdk=iphoneos*]" = "iPhone Developer";
				COPY_PHASE_STRIP = NO;
				DEBUG_INFORMATION_FORMAT = "dwarf-with-dsym";
				ENABLE_NS_ASSERTIONS = NO;
				ENABLE_STRICT_OBJC_MSGSEND = YES;
				GCC_C_LANGUAGE_STANDARD = gnu99;
				GCC_NO_COMMON_BLOCKS = YES;
				GCC_WARN_64_TO_32_BIT_CONVERSION = YES;
				GCC_WARN_ABOUT_RETURN_TYPE = YES_ERROR;
				GCC_WARN_UNDECLARED_SELECTOR = YES;
				GCC_WARN_UNINITIALIZED_AUTOS = YES_AGGRESSIVE;
				GCC_WARN_UNUSED_FUNCTION = YES;
				GCC_WARN_UNUSED_VARIABLE = YES;
				IPHONEOS_DEPLOYMENT_TARGET = 10.3;
				MTL_ENABLE_DEBUG_INFO = NO;
				SDKROOT = iphoneos;
				VALIDATE_PRODUCT = YES;
			};
			name = Release;
		};
		3ECCCB8D1E9DC69200347C6D /* Debug */ = {
			isa = XCBuildConfiguration;
			baseConfigurationReference = 5BCE371A39473BA854C8B6E8 /* Pods-iWords.debug.xcconfig */;
			buildSettings = {
				ASSETCATALOG_COMPILER_APPICON_NAME = AppIcon;
				ASSETCATALOG_COMPILER_LAUNCHIMAGE_NAME = LaunchImage;
				DEVELOPMENT_TEAM = PRKPCBLSYK;
				GCC_PREFIX_HEADER = "$(SRCROOT)/iWords/MyPrefixHeader.pch";
				INFOPLIST_FILE = iWords/Info.plist;
				IPHONEOS_DEPLOYMENT_TARGET = 8.0;
				LD_RUNPATH_SEARCH_PATHS = "$(inherited) @executable_path/Frameworks";
				PRODUCT_BUNDLE_IDENTIFIER = com.zhangdinghao.iWords;
				PRODUCT_NAME = "$(TARGET_NAME)";
				TARGETED_DEVICE_FAMILY = "1,2";
			};
			name = Debug;
		};
		3ECCCB8E1E9DC69200347C6D /* Release */ = {
			isa = XCBuildConfiguration;
			baseConfigurationReference = A777AA7588A4BE77EFF8E4D8 /* Pods-iWords.release.xcconfig */;
			buildSettings = {
				ASSETCATALOG_COMPILER_APPICON_NAME = AppIcon;
				ASSETCATALOG_COMPILER_LAUNCHIMAGE_NAME = LaunchImage;
				DEVELOPMENT_TEAM = PRKPCBLSYK;
				GCC_PREFIX_HEADER = "$(SRCROOT)/iWords/MyPrefixHeader.pch";
				INFOPLIST_FILE = iWords/Info.plist;
				IPHONEOS_DEPLOYMENT_TARGET = 8.0;
				LD_RUNPATH_SEARCH_PATHS = "$(inherited) @executable_path/Frameworks";
				PRODUCT_BUNDLE_IDENTIFIER = com.zhangdinghao.iWords;
				PRODUCT_NAME = "$(TARGET_NAME)";
				TARGETED_DEVICE_FAMILY = "1,2";
			};
			name = Release;
		};
/* End XCBuildConfiguration section */

/* Begin XCConfigurationList section */
		3ECCCB701E9DC69200347C6D /* Build configuration list for PBXProject "iWords" */ = {
			isa = XCConfigurationList;
			buildConfigurations = (
				3ECCCB8A1E9DC69200347C6D /* Debug */,
				3ECCCB8B1E9DC69200347C6D /* Release */,
			);
			defaultConfigurationIsVisible = 0;
			defaultConfigurationName = Release;
		};
		3ECCCB8C1E9DC69200347C6D /* Build configuration list for PBXNativeTarget "iWords" */ = {
			isa = XCConfigurationList;
			buildConfigurations = (
				3ECCCB8D1E9DC69200347C6D /* Debug */,
				3ECCCB8E1E9DC69200347C6D /* Release */,
			);
			defaultConfigurationIsVisible = 0;
			defaultConfigurationName = Release;
		};
/* End XCConfigurationList section */
	};
	rootObject = 3ECCCB6D1E9DC69200347C6D /* Project object */;
}
